
Microsoft Visual Studio Solution File, Format Version 12.00
# Visual Studio Version 17
VisualStudioVersion = 17.14.36518.9 d17.14
MinimumVisualStudioVersion = 10.0.40219.1
Project("{FAE04EC0-301F-11D3-BF4B-00C04F79EFBC}") = "P5_4_714240042", "P5_4_714240042.csproj", "{D7758579-21E5-4D79-9AEF-F1B8028BE280}"
EndProject
Global
	GlobalSection(SolutionConfigurationPlatforms) = preSolution
		Debug|Any CPU = Debug|Any CPU
		Release|Any CPU = Release|Any CPU
	EndGlobalSection
	GlobalSection(ProjectConfigurationPlatforms) = postSolution
		{D7758579-21E5-4D79-9AEF-F1B8028BE280}.Debug|Any CPU.ActiveCfg = Debug|Any CPU
		{D7758579-21E5-4D79-9AEF-F1B8028BE280}.Debug|Any CPU.Build.0 = Debug|Any CPU
		{D7758579-21E5-4D79-9AEF-F1B8028BE280}.Release|Any CPU.ActiveCfg = Release|Any CPU
		{D7758579-21E5-4D79-9AEF-F1B8028BE280}.Release|Any CPU.Build.0 = Release|Any CPU
	EndGlobalSection
	GlobalSection(SolutionProperties) = preSolution
		HideSolutionNode = FALSE
	EndGlobalSection
	GlobalSection(ExtensibilityGlobals) = postSolution
		SolutionGuid = {045704B2-F784-4B17-AED2-20C3A4E9CC7E}
	EndGlobalSection
EndGlobal
